
Microsoft Visual Studio Solution File, Format Version 12.00
# Visual Studio Version 16
VisualStudioVersion = 16.0.29403.142
MinimumVisualStudioVersion = 10.0.40219.1
Project("{FAE04EC0-301F-11D3-BF4B-00C04F79EFBC}") = "LeoTool2", "LeoTool2\LeoTool2.csproj", "{08357A0E-A064-41AF-8E92-26A4E3884D2E}"
EndProject
Global
	GlobalSection(SolutionConfigurationPlatforms) = preSolution
		Debug|Any CPU = Debug|Any CPU
		Release|Any CPU = Release|Any CPU
	EndGlobalSection
	GlobalSection(ProjectConfigurationPlatforms) = postSolution
		{08357A0E-A064-41AF-8E92-26A4E3884D2E}.Debug|Any CPU.ActiveCfg = Debug|Any CPU
		{08357A0E-A064-41AF-8E92-26A4E3884D2E}.Debug|Any CPU.Build.0 = Debug|Any CPU
		{08357A0E-A064-41AF-8E92-26A4E3884D2E}.Release|Any CPU.ActiveCfg = Release|Any CPU
		{08357A0E-A064-41AF-8E92-26A4E3884D2E}.Release|Any CPU.Build.0 = Release|Any CPU
	EndGlobalSection
	GlobalSection(SolutionProperties) = preSolution
		HideSolutionNode = FALSE
	EndGlobalSection
	GlobalSection(ExtensibilityGlobals) = postSolution
		SolutionGuid = {68C6990A-984D-48C0-A65A-5DFB5E5E291A}
	EndGlobalSection
EndGlobal
